<?xml version="1.0" encoding="utf-8"?>
<Project ToolsVersion="4.0" xmlns="http://schemas.microsoft.com/developer/msbuild/2003">
  <ItemGroup>
    <Filter Include="DHero">
      <UniqueIdentifier>{77BAF60C-E3CE-1EBE-AC50-C21D18241BEF}</UniqueIdentifier>
    </Filter>
  </ItemGroup>
  <ItemGroup>
    <ClInclude Include="src\DHero.h" />
    <ClInclude Include="src\DHero\Application.h">
      <Filter>DHero</Filter>
    </ClInclude>
    <ClInclude Include="src\DHero\Core.h">
      <Filter>DHero</Filter>
    </ClInclude>
    <ClInclude Include="src\DHero\EntryPoint.h">
      <Filter>DHero</Filter>
    </ClInclude>
    <ClInclude Include="src\DHero\Log.h">
      <Filter>DHero</Filter>
    </ClInclude>
  </ItemGroup>
  <ItemGroup>
    <ClCompile Include="src\DHero\Application.cpp">
      <Filter>DHero</Filter>
    </ClCompile>
    <ClCompile Include="src\DHero\Log.cpp">
      <Filter>DHero</Filter>
    </ClCompile>
  </ItemGroup>
</Project>